
Microsoft Visual Studio Solution File, Format Version 12.00
# Visual Studio Version 17
VisualStudioVersion = 17.0.31903.59
MinimumVisualStudioVersion = 10.0.40219.1
Project("{2150E333-8FDC-42A3-9474-1A3956D46DE8}") = "Frontend", "Frontend", "{CE609670-85B9-0D16-FB54-ED063D5D8A6D}"
EndProject
Project("{2150E333-8FDC-42A3-9474-1A3956D46DE8}") = "Services", "Services", "{5854FF58-B8C5-05C6-5BF2-ACE42193F22B}"
EndProject
Project("{2150E333-8FDC-42A3-9474-1A3956D46DE8}") = "Gateway", "Gateway", "{E7BDDBC6-9FD1-D1D7-ACD8-2C4F8E3D2461}"
EndProject
Project("{2150E333-8FDC-42A3-9474-1A3956D46DE8}") = "Integration", "Integration", "{823D4020-332D-2C13-F261-6F510F11A57E}"
EndProject
Project("{FAE04EC0-301F-11D3-BF4B-00C04F79EFBC}") = "Shop.Services.CouponAPI", "Services\Services.Coupon.API\Shop.Services.CouponAPI.csproj", "{1C95F1AA-B204-47EE-95EF-7888852234B0}"
EndProject
Project("{FAE04EC0-301F-11D3-BF4B-00C04F79EFBC}") = "Shop.Web", "Frontend\Shop.Web\Shop.Web.csproj", "{EE648088-CE5F-49B7-9B33-7CA1A94ABEA8}"
EndProject
Project("{FAE04EC0-301F-11D3-BF4B-00C04F79EFBC}") = "Shop.Services.AuthApi", "Services\Shop.Services.AuthApi\Shop.Services.AuthApi.csproj", "{FE3336A9-AC8E-46D7-AD32-6CCAEB53836B}"
EndProject
Project("{FAE04EC0-301F-11D3-BF4B-00C04F79EFBC}") = "Shop.Services.ProductAPI", "Services\Shop.Services.ProductAPI\Shop.Services.ProductAPI.csproj", "{1219C94F-DDB1-4366-8A2D-F8BFF60867C8}"
EndProject
Project("{FAE04EC0-301F-11D3-BF4B-00C04F79EFBC}") = "Shop.Services.CartAPI", "Services\Shop.Services.CartAPI\Shop.Services.CartAPI.csproj", "{EDBEF047-E6B5-4279-903A-A56DF86D5D63}"
EndProject
Project("{FAE04EC0-301F-11D3-BF4B-00C04F79EFBC}") = "Shop.MessageBus", "Integration\Shop.MessageBus\Shop.MessageBus.csproj", "{F0EC587B-98E8-4A04-81A0-3D30DD6E30FB}"
EndProject
Global
	GlobalSection(SolutionConfigurationPlatforms) = preSolution
		Debug|Any CPU = Debug|Any CPU
		Debug|x64 = Debug|x64
		Debug|x86 = Debug|x86
		Release|Any CPU = Release|Any CPU
		Release|x64 = Release|x64
		Release|x86 = Release|x86
	EndGlobalSection
	GlobalSection(ProjectConfigurationPlatforms) = postSolution
		{1C95F1AA-B204-47EE-95EF-7888852234B0}.Debug|Any CPU.ActiveCfg = Debug|Any CPU
		{1C95F1AA-B204-47EE-95EF-7888852234B0}.Debug|Any CPU.Build.0 = Debug|Any CPU
		{1C95F1AA-B204-47EE-95EF-7888852234B0}.Debug|x64.ActiveCfg = Debug|Any CPU
		{1C95F1AA-B204-47EE-95EF-7888852234B0}.Debug|x64.Build.0 = Debug|Any CPU
		{1C95F1AA-B204-47EE-95EF-7888852234B0}.Debug|x86.ActiveCfg = Debug|Any CPU
		{1C95F1AA-B204-47EE-95EF-7888852234B0}.Debug|x86.Build.0 = Debug|Any CPU
		{1C95F1AA-B204-47EE-95EF-7888852234B0}.Release|Any CPU.ActiveCfg = Release|Any CPU
		{1C95F1AA-B204-47EE-95EF-7888852234B0}.Release|Any CPU.Build.0 = Release|Any CPU
		{1C95F1AA-B204-47EE-95EF-7888852234B0}.Release|x64.ActiveCfg = Release|Any CPU
		{1C95F1AA-B204-47EE-95EF-7888852234B0}.Release|x64.Build.0 = Release|Any CPU
		{1C95F1AA-B204-47EE-95EF-7888852234B0}.Release|x86.ActiveCfg = Release|Any CPU
		{1C95F1AA-B204-47EE-95EF-7888852234B0}.Release|x86.Build.0 = Release|Any CPU
		{EE648088-CE5F-49B7-9B33-7CA1A94ABEA8}.Debug|Any CPU.ActiveCfg = Debug|Any CPU
		{EE648088-CE5F-49B7-9B33-7CA1A94ABEA8}.Debug|Any CPU.Build.0 = Debug|Any CPU
		{EE648088-CE5F-49B7-9B33-7CA1A94ABEA8}.Debug|x64.ActiveCfg = Debug|Any CPU
		{EE648088-CE5F-49B7-9B33-7CA1A94ABEA8}.Debug|x64.Build.0 = Debug|Any CPU
		{EE648088-CE5F-49B7-9B33-7CA1A94ABEA8}.Debug|x86.ActiveCfg = Debug|Any CPU
		{EE648088-CE5F-49B7-9B33-7CA1A94ABEA8}.Debug|x86.Build.0 = Debug|Any CPU
		{EE648088-CE5F-49B7-9B33-7CA1A94ABEA8}.Release|Any CPU.ActiveCfg = Release|Any CPU
		{EE648088-CE5F-49B7-9B33-7CA1A94ABEA8}.Release|Any CPU.Build.0 = Release|Any CPU
		{EE648088-CE5F-49B7-9B33-7CA1A94ABEA8}.Release|x64.ActiveCfg = Release|Any CPU
		{EE648088-CE5F-49B7-9B33-7CA1A94ABEA8}.Release|x64.Build.0 = Release|Any CPU
		{EE648088-CE5F-49B7-9B33-7CA1A94ABEA8}.Release|x86.ActiveCfg = Release|Any CPU
		{EE648088-CE5F-49B7-9B33-7CA1A94ABEA8}.Release|x86.Build.0 = Release|Any CPU
		{FE3336A9-AC8E-46D7-AD32-6CCAEB53836B}.Debug|Any CPU.ActiveCfg = Debug|Any CPU
		{FE3336A9-AC8E-46D7-AD32-6CCAEB53836B}.Debug|Any CPU.Build.0 = Debug|Any CPU
		{FE3336A9-AC8E-46D7-AD32-6CCAEB53836B}.Debug|x64.ActiveCfg = Debug|Any CPU
		{FE3336A9-AC8E-46D7-AD32-6CCAEB53836B}.Debug|x64.Build.0 = Debug|Any CPU
		{FE3336A9-AC8E-46D7-AD32-6CCAEB53836B}.Debug|x86.ActiveCfg = Debug|Any CPU
		{FE3336A9-AC8E-46D7-AD32-6CCAEB53836B}.Debug|x86.Build.0 = Debug|Any CPU
		{FE3336A9-AC8E-46D7-AD32-6CCAEB53836B}.Release|Any CPU.ActiveCfg = Release|Any CPU
		{FE3336A9-AC8E-46D7-AD32-6CCAEB53836B}.Release|Any CPU.Build.0 = Release|Any CPU
		{FE3336A9-AC8E-46D7-AD32-6CCAEB53836B}.Release|x64.ActiveCfg = Release|Any CPU
		{FE3336A9-AC8E-46D7-AD32-6CCAEB53836B}.Release|x64.Build.0 = Release|Any CPU
		{FE3336A9-AC8E-46D7-AD32-6CCAEB53836B}.Release|x86.ActiveCfg = Release|Any CPU
		{FE3336A9-AC8E-46D7-AD32-6CCAEB53836B}.Release|x86.Build.0 = Release|Any CPU
		{1219C94F-DDB1-4366-8A2D-F8BFF60867C8}.Debug|Any CPU.ActiveCfg = Debug|Any CPU
		{1219C94F-DDB1-4366-8A2D-F8BFF60867C8}.Debug|Any CPU.Build.0 = Debug|Any CPU
		{1219C94F-DDB1-4366-8A2D-F8BFF60867C8}.Debug|x64.ActiveCfg = Debug|Any CPU
		{1219C94F-DDB1-4366-8A2D-F8BFF60867C8}.Debug|x64.Build.0 = Debug|Any CPU
		{1219C94F-DDB1-4366-8A2D-F8BFF60867C8}.Debug|x86.ActiveCfg = Debug|Any CPU
		{1219C94F-DDB1-4366-8A2D-F8BFF60867C8}.Debug|x86.Build.0 = Debug|Any CPU
		{1219C94F-DDB1-4366-8A2D-F8BFF60867C8}.Release|Any CPU.ActiveCfg = Release|Any CPU
		{1219C94F-DDB1-4366-8A2D-F8BFF60867C8}.Release|Any CPU.Build.0 = Release|Any CPU
		{1219C94F-DDB1-4366-8A2D-F8BFF60867C8}.Release|x64.ActiveCfg = Release|Any CPU
		{1219C94F-DDB1-4366-8A2D-F8BFF60867C8}.Release|x64.Build.0 = Release|Any CPU
		{1219C94F-DDB1-4366-8A2D-F8BFF60867C8}.Release|x86.ActiveCfg = Release|Any CPU
		{1219C94F-DDB1-4366-8A2D-F8BFF60867C8}.Release|x86.Build.0 = Release|Any CPU
		{EDBEF047-E6B5-4279-903A-A56DF86D5D63}.Debug|Any CPU.ActiveCfg = Debug|Any CPU
		{EDBEF047-E6B5-4279-903A-A56DF86D5D63}.Debug|Any CPU.Build.0 = Debug|Any CPU
		{EDBEF047-E6B5-4279-903A-A56DF86D5D63}.Debug|x64.ActiveCfg = Debug|Any CPU
		{EDBEF047-E6B5-4279-903A-A56DF86D5D63}.Debug|x64.Build.0 = Debug|Any CPU
		{EDBEF047-E6B5-4279-903A-A56DF86D5D63}.Debug|x86.ActiveCfg = Debug|Any CPU
		{EDBEF047-E6B5-4279-903A-A56DF86D5D63}.Debug|x86.Build.0 = Debug|Any CPU
		{EDBEF047-E6B5-4279-903A-A56DF86D5D63}.Release|Any CPU.ActiveCfg = Release|Any CPU
		{EDBEF047-E6B5-4279-903A-A56DF86D5D63}.Release|Any CPU.Build.0 = Release|Any CPU
		{EDBEF047-E6B5-4279-903A-A56DF86D5D63}.Release|x64.ActiveCfg = Release|Any CPU
		{EDBEF047-E6B5-4279-903A-A56DF86D5D63}.Release|x64.Build.0 = Release|Any CPU
		{EDBEF047-E6B5-4279-903A-A56DF86D5D63}.Release|x86.ActiveCfg = Release|Any CPU
		{EDBEF047-E6B5-4279-903A-A56DF86D5D63}.Release|x86.Build.0 = Release|Any CPU
		{F0EC587B-98E8-4A04-81A0-3D30DD6E30FB}.Debug|Any CPU.ActiveCfg = Debug|Any CPU
		{F0EC587B-98E8-4A04-81A0-3D30DD6E30FB}.Debug|Any CPU.Build.0 = Debug|Any CPU
		{F0EC587B-98E8-4A04-81A0-3D30DD6E30FB}.Debug|x64.ActiveCfg = Debug|Any CPU
		{F0EC587B-98E8-4A04-81A0-3D30DD6E30FB}.Debug|x64.Build.0 = Debug|Any CPU
		{F0EC587B-98E8-4A04-81A0-3D30DD6E30FB}.Debug|x86.ActiveCfg = Debug|Any CPU
		{F0EC587B-98E8-4A04-81A0-3D30DD6E30FB}.Debug|x86.Build.0 = Debug|Any CPU
		{F0EC587B-98E8-4A04-81A0-3D30DD6E30FB}.Release|Any CPU.ActiveCfg = Release|Any CPU
		{F0EC587B-98E8-4A04-81A0-3D30DD6E30FB}.Release|Any CPU.Build.0 = Release|Any CPU
		{F0EC587B-98E8-4A04-81A0-3D30DD6E30FB}.Release|x64.ActiveCfg = Release|Any CPU
		{F0EC587B-98E8-4A04-81A0-3D30DD6E30FB}.Release|x64.Build.0 = Release|Any CPU
		{F0EC587B-98E8-4A04-81A0-3D30DD6E30FB}.Release|x86.ActiveCfg = Release|Any CPU
		{F0EC587B-98E8-4A04-81A0-3D30DD6E30FB}.Release|x86.Build.0 = Release|Any CPU
	EndGlobalSection
	GlobalSection(SolutionProperties) = preSolution
		HideSolutionNode = FALSE
	EndGlobalSection
	GlobalSection(NestedProjects) = preSolution
		{1C95F1AA-B204-47EE-95EF-7888852234B0} = {5854FF58-B8C5-05C6-5BF2-ACE42193F22B}
		{EE648088-CE5F-49B7-9B33-7CA1A94ABEA8} = {CE609670-85B9-0D16-FB54-ED063D5D8A6D}
		{FE3336A9-AC8E-46D7-AD32-6CCAEB53836B} = {5854FF58-B8C5-05C6-5BF2-ACE42193F22B}
		{1219C94F-DDB1-4366-8A2D-F8BFF60867C8} = {5854FF58-B8C5-05C6-5BF2-ACE42193F22B}
		{EDBEF047-E6B5-4279-903A-A56DF86D5D63} = {5854FF58-B8C5-05C6-5BF2-ACE42193F22B}
		{F0EC587B-98E8-4A04-81A0-3D30DD6E30FB} = {823D4020-332D-2C13-F261-6F510F11A57E}
	EndGlobalSection
EndGlobal
